
Microsoft Visual Studio Solution File, Format Version 12.00
# Visual Studio Version 16
VisualStudioVersion = 16.0.31624.102
MinimumVisualStudioVersion = 10.0.40219.1
Project("{8BC9CEB8-8B4A-11D0-8D11-00A0C91BC942}") = "ex-1-6", "ex-1-6.vcxproj", "{0748A43B-1E7D-477D-82F5-A1B93AD872A8}"
EndProject
Global
	GlobalSection(SolutionConfigurationPlatforms) = preSolution
		Debug|x64 = Debug|x64
		Debug|x86 = Debug|x86
		Release|x64 = Release|x64
		Release|x86 = Release|x86
	EndGlobalSection
	GlobalSection(ProjectConfigurationPlatforms) = postSolution
		{0748A43B-1E7D-477D-82F5-A1B93AD872A8}.Debug|x64.ActiveCfg = Debug|x64
		{0748A43B-1E7D-477D-82F5-A1B93AD872A8}.Debug|x64.Build.0 = Debug|x64
		{0748A43B-1E7D-477D-82F5-A1B93AD872A8}.Debug|x86.ActiveCfg = Debug|Win32
		{0748A43B-1E7D-477D-82F5-A1B93AD872A8}.Debug|x86.Build.0 = Debug|Win32
		{0748A43B-1E7D-477D-82F5-A1B93AD872A8}.Release|x64.ActiveCfg = Release|x64
		{0748A43B-1E7D-477D-82F5-A1B93AD872A8}.Release|x64.Build.0 = Release|x64
		{0748A43B-1E7D-477D-82F5-A1B93AD872A8}.Release|x86.ActiveCfg = Release|Win32
		{0748A43B-1E7D-477D-82F5-A1B93AD872A8}.Release|x86.Build.0 = Release|Win32
	EndGlobalSection
	GlobalSection(SolutionProperties) = preSolution
		HideSolutionNode = FALSE
	EndGlobalSection
	GlobalSection(ExtensibilityGlobals) = postSolution
		SolutionGuid = {7E215C4A-D7AD-40B9-AB88-5CEB331747C6}
	EndGlobalSection
EndGlobal
